<?xml version="1.0" encoding="utf-8"?>
<Project ToolsVersion="4.0" xmlns="http://schemas.microsoft.com/developer/msbuild/2003">
  <ItemGroup>
    <Filter Include="Header Files">
      <UniqueIdentifier>{93995380-89BD-4b04-88EB-625FBE52EBFB}</UniqueIdentifier>
      <Extensions>h;hh;hpp;hxx;hm;inl;inc;xsd</Extensions>
    </Filter>
    <Filter Include="Resource Files">
      <UniqueIdentifier>{67DA6AB6-F800-4c08-8B7A-83BB121AAD01}</UniqueIdentifier>
      <Extensions>rc;ico;cur;bmp;dlg;rc2;rct;bin;rgs;gif;jpg;jpeg;jpe;resx;tiff;tif;png;wav;mfcribbon-ms</Extensions>
    </Filter>
    <Filter Include="Header Files\Structures">
      <UniqueIdentifier>{88efed4b-c16e-4c23-8700-572f8e826cd2}</UniqueIdentifier>
    </Filter>
    <Filter Include="Header Files\In out">
      <UniqueIdentifier>{50930ae6-1a83-4f33-b44d-c82c9fabd28b}</UniqueIdentifier>
    </Filter>
    <Filter Include="Resource Files\Tests">
      <UniqueIdentifier>{787ed0a7-24f7-4f9d-b9af-4eac01eb990b}</UniqueIdentifier>
    </Filter>
    <Filter Include="Resource Files\Tests\Task1">
      <UniqueIdentifier>{2d096633-39c6-4d2b-a238-254def3ea645}</UniqueIdentifier>
    </Filter>
    <Filter Include="Resource Files\Tests\Task2">
      <UniqueIdentifier>{749f9c38-0508-4744-a46c-192a2849e38b}</UniqueIdentifier>
    </Filter>
    <Filter Include="Source Files">
      <UniqueIdentifier>{4FC737F1-C7A5-4376-A066-2A32D752A2FF}</UniqueIdentifier>
      <Extensions>cpp;c;cc;cxx;def;odl;idl;hpj;bat;asm;asmx</Extensions>
    </Filter>
    <Filter Include="Source Files\Input">
      <UniqueIdentifier>{34a3f5b3-a74f-4003-b470-dd2547aa5d57}</UniqueIdentifier>
    </Filter>
  </ItemGroup>
  <ItemGroup>
    <ClCompile Include="variant_2.cpp">
      <Filter>Source Files</Filter>
    </ClCompile>
    <ClCompile Include="solution_algs.cpp">
      <Filter>Source Files</Filter>
    </ClCompile>
    <ClCompile Include="task_execution.cpp">
      <Filter>Source Files</Filter>
    </ClCompile>
    <ClCompile Include="char_input.cpp">
      <Filter>Source Files\Input</Filter>
    </ClCompile>
    <ClCompile Include="int_input.cpp">
      <Filter>Source Files\Input</Filter>
    </ClCompile>
    <ClCompile Include="file_prefix.cpp">
      <Filter>Source Files\Input</Filter>
    </ClCompile>
  </ItemGroup>
  <ItemGroup>
    <Text Include="5inputTask1.txt">
      <Filter>Resource Files\Tests\Task1</Filter>
    </Text>
    <Text Include="4inputTask1.txt">
      <Filter>Resource Files\Tests\Task1</Filter>
    </Text>
    <Text Include="3inputTask1.txt">
      <Filter>Resource Files\Tests\Task1</Filter>
    </Text>
    <Text Include="2inputTask1.txt">
      <Filter>Resource Files\Tests\Task1</Filter>
    </Text>
    <Text Include="1inputTask1.txt">
      <Filter>Resource Files\Tests\Task1</Filter>
    </Text>
    <Text Include="1inputTask2.txt">
      <Filter>Resource Files\Tests\Task2</Filter>
    </Text>
    <Text Include="2inputTask2.txt">
      <Filter>Resource Files\Tests\Task2</Filter>
    </Text>
    <Text Include="3inputTask2.txt">
      <Filter>Resource Files\Tests\Task2</Filter>
    </Text>
    <Text Include="4inputTask2.txt">
      <Filter>Resource Files\Tests\Task2</Filter>
    </Text>
    <Text Include="5inputTask2.txt">
      <Filter>Resource Files\Tests\Task2</Filter>
    </Text>
  </ItemGroup>
  <ItemGroup>
    <ClInclude Include="dyn_arr.h">
      <Filter>Header Files\Structures</Filter>
    </ClInclude>
    <ClInclude Include="fileNames.h">
      <Filter>Header Files\In out</Filter>
    </ClInclude>
    <ClInclude Include="solution_algs.h">
      <Filter>Header Files</Filter>
    </ClInclude>
    <ClInclude Include="task_execution.h">
      <Filter>Header Files</Filter>
    </ClInclude>
    <ClInclude Include="Output.h">
      <Filter>Header Files\In out</Filter>
    </ClInclude>
    <ClInclude Include="Input.h">
      <Filter>Header Files\In out</Filter>
    </ClInclude>
  </ItemGroup>
</Project>