<?xml version="1.0" encoding="utf-8"?>
<Project ToolsVersion="4.0" xmlns="http://schemas.microsoft.com/developer/msbuild/2003">
  <ItemGroup>
    <Filter Include="Source Files">
      <UniqueIdentifier>{4FC737F1-C7A5-4376-A066-2A32D752A2FF}</UniqueIdentifier>
      <Extensions>cpp;c;cc;cxx;def;odl;idl;hpj;bat;asm;asmx</Extensions>
    </Filter>
    <Filter Include="Header Files">
      <UniqueIdentifier>{93995380-89BD-4b04-88EB-625FBE52EBFB}</UniqueIdentifier>
      <Extensions>h;hh;hpp;hxx;hm;inl;inc;xsd</Extensions>
    </Filter>
    <Filter Include="Resource Files">
      <UniqueIdentifier>{67DA6AB6-F800-4c08-8B7A-83BB121AAD01}</UniqueIdentifier>
      <Extensions>rc;ico;cur;bmp;dlg;rc2;rct;bin;rgs;gif;jpg;jpeg;jpe;resx;tiff;tif;png;wav;mfcribbon-ms</Extensions>
    </Filter>
    <Filter Include="Header Files\Structures">
      <UniqueIdentifier>{88efed4b-c16e-4c23-8700-572f8e826cd2}</UniqueIdentifier>
    </Filter>
    <Filter Include="Header Files\Solution algo">
      <UniqueIdentifier>{f2e10b59-dab6-452f-88f5-35797277f791}</UniqueIdentifier>
    </Filter>
    <Filter Include="Header Files\In out">
      <UniqueIdentifier>{50930ae6-1a83-4f33-b44d-c82c9fabd28b}</UniqueIdentifier>
    </Filter>
    <Filter Include="Header Files\In out\Input">
      <UniqueIdentifier>{37a9ea2d-f2ab-4448-9d83-280123902bd4}</UniqueIdentifier>
    </Filter>
    <Filter Include="Header Files\In out\Input\Char">
      <UniqueIdentifier>{1f5079c5-32e1-4dc4-952f-8d6b0e552f27}</UniqueIdentifier>
    </Filter>
    <Filter Include="Header Files\In out\Input\Int">
      <UniqueIdentifier>{223c197e-7478-4133-bbfb-c17e4cd4a5eb}</UniqueIdentifier>
    </Filter>
    <Filter Include="Header Files\In out\Output">
      <UniqueIdentifier>{9f6ed78a-8b18-4d1c-9953-27f0b78a1b99}</UniqueIdentifier>
    </Filter>
    <Filter Include="Resource Files\Tests">
      <UniqueIdentifier>{787ed0a7-24f7-4f9d-b9af-4eac01eb990b}</UniqueIdentifier>
    </Filter>
  </ItemGroup>
  <ItemGroup>
    <ClCompile Include="variant_2.cpp">
      <Filter>Source Files</Filter>
    </ClCompile>
    <ClCompile Include="fileReadType.h">
      <Filter>Header Files\In out\Input</Filter>
    </ClCompile>
  </ItemGroup>
  <ItemGroup>
    <Text Include="description.txt">
      <Filter>Resource Files</Filter>
    </Text>
    <Text Include="Status.txt">
      <Filter>Resource Files</Filter>
    </Text>
    <Text Include="input.txt">
      <Filter>Resource Files</Filter>
    </Text>
  </ItemGroup>
  <ItemGroup>
    <ClInclude Include="Output.h">
      <Filter>Header Files\In out\Output</Filter>
    </ClInclude>
    <ClInclude Include="dyn_arr.h">
      <Filter>Header Files\Structures</Filter>
    </ClInclude>
    <ClInclude Include="task1.h">
      <Filter>Header Files\Solution algo</Filter>
    </ClInclude>
    <ClInclude Include="task2.h">
      <Filter>Header Files\Solution algo</Filter>
    </ClInclude>
    <ClInclude Include="InOut.h">
      <Filter>Header Files\In out</Filter>
    </ClInclude>
    <ClInclude Include="fileNames.h">
      <Filter>Header Files\In out</Filter>
    </ClInclude>
    <ClInclude Include="readIntStream.h">
      <Filter>Header Files\In out\Input\Int</Filter>
    </ClInclude>
    <ClInclude Include="fileReadInt.h">
      <Filter>Header Files\In out\Input\Int</Filter>
    </ClInclude>
    <ClInclude Include="consoleReadInt.h">
      <Filter>Header Files\In out\Input\Int</Filter>
    </ClInclude>
    <ClInclude Include="readIntArr.h">
      <Filter>Header Files\In out\Input\Int</Filter>
    </ClInclude>
    <ClInclude Include="filereadChar.h">
      <Filter>Header Files\In out\Input\Char</Filter>
    </ClInclude>
    <ClInclude Include="consoleReadChar.h">
      <Filter>Header Files\In out\Input\Char</Filter>
    </ClInclude>
    <ClInclude Include="readCharArr.h">
      <Filter>Header Files\In out\Input\Char</Filter>
    </ClInclude>
    <ClInclude Include="readType.h">
      <Filter>Header Files\In out\Input</Filter>
    </ClInclude>
    <ClInclude Include="readCharStream.h">
      <Filter>Header Files\In out\Input\Char</Filter>
    </ClInclude>
    <ClInclude Include="Input.h">
      <Filter>Header Files\In out\Input</Filter>
    </ClInclude>
  </ItemGroup>
</Project>